
Microsoft Visual Studio Solution File, Format Version 11.00
# Visual Studio 2010
Project("{2150E333-8FDC-42A3-9474-1A3956D46DE8}") = "API", "API", "{09463939-AEFF-49E1-ACB0-28F5F88007F2}"
EndProject
Project("{FAE04EC0-301F-11D3-BF4B-00C04F79EFBC}") = "MonoTouch.Dialog", "MonoTouch.Dialog\MonoTouch.Dialog\MonoTouch.Dialog.csproj", "{3FFBFFF8-5560-4EDE-82E5-3FFDFBBA8A50}"
EndProject
Project("{FAE04EC0-301F-11D3-BF4B-00C04F79EFBC}") = "RestSharp.MonoTouch", "RestSharp\RestSharp.MonoTouch\RestSharp.MonoTouch.csproj", "{E9A9D1C5-4E06-4D31-9809-A97188C70B2C}"
EndProject
Project("{FAE04EC0-301F-11D3-BF4B-00C04F79EFBC}") = "CollectionViewBinding", "CollectionViewBinding\CollectionViewBinding.csproj", "{A8C50A68-A01E-47F9-9914-8BF236EECBAA}"
EndProject
Project("{FAE04EC0-301F-11D3-BF4B-00C04F79EFBC}") = "PhotoBrowser", "PhotoBrowser\PhotoBrowser.csproj", "{BAB4D1D9-A003-4380-9D61-A1D42C8650A0}"
EndProject
Project("{FAE04EC0-301F-11D3-BF4B-00C04F79EFBC}") = "MonoTouch.SlideoutNavigation", "MonoTouch.SlideoutNavigation\MonoTouch.SlideoutNavigation\MonoTouch.SlideoutNavigation.csproj", "{6D7B9B53-CFEF-46BE-A608-14A4A1381CF6}"
EndProject
Project("{FAE04EC0-301F-11D3-BF4B-00C04F79EFBC}") = "UserVoice", "monotouch-uservoice\UserVoice\UserVoice\UserVoice.csproj", "{3A0C5D98-D568-43C1-A877-B1BA00BA4A87}"
EndProject
Project("{FAE04EC0-301F-11D3-BF4B-00C04F79EFBC}") = "AppreciateUI", "AppreciateUI\AppreciateUI.csproj", "{1B39FE9D-F25D-4456-80D0-9A741B5E36A6}"
EndProject
Global
	GlobalSection(SolutionConfigurationPlatforms) = preSolution
		Debug|iPhoneSimulator = Debug|iPhoneSimulator
		Release|iPhoneSimulator = Release|iPhoneSimulator
		Debug|iPhone = Debug|iPhone
		Release|iPhone = Release|iPhone
		Ad-Hoc|iPhone = Ad-Hoc|iPhone
		AppStore|iPhone = AppStore|iPhone
		AdHoc|iPhone = AdHoc|iPhone
		AdHoc|iPhoneSimulator = AdHoc|iPhoneSimulator
		AppStore|iPhoneSimulator = AppStore|iPhoneSimulator
	EndGlobalSection
	GlobalSection(ProjectConfigurationPlatforms) = postSolution
		{1B39FE9D-F25D-4456-80D0-9A741B5E36A6}.Ad-Hoc|iPhone.ActiveCfg = Ad-Hoc|iPhone
		{1B39FE9D-F25D-4456-80D0-9A741B5E36A6}.AdHoc|iPhone.ActiveCfg = Debug|iPhone
		{1B39FE9D-F25D-4456-80D0-9A741B5E36A6}.Ad-Hoc|iPhone.Build.0 = Ad-Hoc|iPhone
		{1B39FE9D-F25D-4456-80D0-9A741B5E36A6}.AdHoc|iPhone.Build.0 = Debug|iPhone
		{1B39FE9D-F25D-4456-80D0-9A741B5E36A6}.AdHoc|iPhoneSimulator.ActiveCfg = Debug|iPhoneSimulator
		{1B39FE9D-F25D-4456-80D0-9A741B5E36A6}.AdHoc|iPhoneSimulator.Build.0 = Debug|iPhoneSimulator
		{1B39FE9D-F25D-4456-80D0-9A741B5E36A6}.AppStore|iPhone.ActiveCfg = AppStore|iPhone
		{1B39FE9D-F25D-4456-80D0-9A741B5E36A6}.AppStore|iPhone.Build.0 = AppStore|iPhone
		{1B39FE9D-F25D-4456-80D0-9A741B5E36A6}.AppStore|iPhoneSimulator.ActiveCfg = Debug|iPhoneSimulator
		{1B39FE9D-F25D-4456-80D0-9A741B5E36A6}.AppStore|iPhoneSimulator.Build.0 = Debug|iPhoneSimulator
		{1B39FE9D-F25D-4456-80D0-9A741B5E36A6}.Debug|iPhone.ActiveCfg = Debug|iPhone
		{1B39FE9D-F25D-4456-80D0-9A741B5E36A6}.Debug|iPhone.Build.0 = Debug|iPhone
		{1B39FE9D-F25D-4456-80D0-9A741B5E36A6}.Debug|iPhoneSimulator.ActiveCfg = Debug|iPhoneSimulator
		{1B39FE9D-F25D-4456-80D0-9A741B5E36A6}.Debug|iPhoneSimulator.Build.0 = Debug|iPhoneSimulator
		{1B39FE9D-F25D-4456-80D0-9A741B5E36A6}.Release|iPhone.ActiveCfg = Release|iPhone
		{1B39FE9D-F25D-4456-80D0-9A741B5E36A6}.Release|iPhone.Build.0 = Release|iPhone
		{1B39FE9D-F25D-4456-80D0-9A741B5E36A6}.Release|iPhoneSimulator.ActiveCfg = Release|iPhoneSimulator
		{1B39FE9D-F25D-4456-80D0-9A741B5E36A6}.Release|iPhoneSimulator.Build.0 = Release|iPhoneSimulator
		{3A0C5D98-D568-43C1-A877-B1BA00BA4A87}.AdHoc|iPhone.ActiveCfg = Debug|Any CPU
		{3A0C5D98-D568-43C1-A877-B1BA00BA4A87}.Ad-Hoc|iPhone.ActiveCfg = Release|Any CPU
		{3A0C5D98-D568-43C1-A877-B1BA00BA4A87}.AdHoc|iPhone.Build.0 = Debug|Any CPU
		{3A0C5D98-D568-43C1-A877-B1BA00BA4A87}.Ad-Hoc|iPhone.Build.0 = Release|Any CPU
		{3A0C5D98-D568-43C1-A877-B1BA00BA4A87}.AdHoc|iPhoneSimulator.ActiveCfg = Debug|Any CPU
		{3A0C5D98-D568-43C1-A877-B1BA00BA4A87}.AdHoc|iPhoneSimulator.Build.0 = Debug|Any CPU
		{3A0C5D98-D568-43C1-A877-B1BA00BA4A87}.AppStore|iPhone.ActiveCfg = Release|Any CPU
		{3A0C5D98-D568-43C1-A877-B1BA00BA4A87}.AppStore|iPhone.Build.0 = Release|Any CPU
		{3A0C5D98-D568-43C1-A877-B1BA00BA4A87}.AppStore|iPhoneSimulator.ActiveCfg = Debug|Any CPU
		{3A0C5D98-D568-43C1-A877-B1BA00BA4A87}.AppStore|iPhoneSimulator.Build.0 = Debug|Any CPU
		{3A0C5D98-D568-43C1-A877-B1BA00BA4A87}.Debug|iPhone.ActiveCfg = Debug|Any CPU
		{3A0C5D98-D568-43C1-A877-B1BA00BA4A87}.Debug|iPhone.Build.0 = Debug|Any CPU
		{3A0C5D98-D568-43C1-A877-B1BA00BA4A87}.Debug|iPhoneSimulator.ActiveCfg = Debug|Any CPU
		{3A0C5D98-D568-43C1-A877-B1BA00BA4A87}.Debug|iPhoneSimulator.Build.0 = Debug|Any CPU
		{3A0C5D98-D568-43C1-A877-B1BA00BA4A87}.Release|iPhone.ActiveCfg = Release|Any CPU
		{3A0C5D98-D568-43C1-A877-B1BA00BA4A87}.Release|iPhone.Build.0 = Release|Any CPU
		{3A0C5D98-D568-43C1-A877-B1BA00BA4A87}.Release|iPhoneSimulator.ActiveCfg = Release|Any CPU
		{3A0C5D98-D568-43C1-A877-B1BA00BA4A87}.Release|iPhoneSimulator.Build.0 = Release|Any CPU
		{3FFBFFF8-5560-4EDE-82E5-3FFDFBBA8A50}.AdHoc|iPhone.ActiveCfg = AdHoc|iPhone
		{3FFBFFF8-5560-4EDE-82E5-3FFDFBBA8A50}.Ad-Hoc|iPhone.ActiveCfg = Debug|iPhone
		{3FFBFFF8-5560-4EDE-82E5-3FFDFBBA8A50}.AdHoc|iPhone.Build.0 = AdHoc|iPhone
		{3FFBFFF8-5560-4EDE-82E5-3FFDFBBA8A50}.Ad-Hoc|iPhone.Build.0 = Debug|iPhone
		{3FFBFFF8-5560-4EDE-82E5-3FFDFBBA8A50}.AdHoc|iPhoneSimulator.ActiveCfg = AdHoc|iPhoneSimulator
		{3FFBFFF8-5560-4EDE-82E5-3FFDFBBA8A50}.AdHoc|iPhoneSimulator.Build.0 = AdHoc|iPhoneSimulator
		{3FFBFFF8-5560-4EDE-82E5-3FFDFBBA8A50}.AppStore|iPhone.ActiveCfg = AppStore|iPhone
		{3FFBFFF8-5560-4EDE-82E5-3FFDFBBA8A50}.AppStore|iPhone.Build.0 = AppStore|iPhone
		{3FFBFFF8-5560-4EDE-82E5-3FFDFBBA8A50}.AppStore|iPhoneSimulator.ActiveCfg = AppStore|iPhoneSimulator
		{3FFBFFF8-5560-4EDE-82E5-3FFDFBBA8A50}.AppStore|iPhoneSimulator.Build.0 = AppStore|iPhoneSimulator
		{3FFBFFF8-5560-4EDE-82E5-3FFDFBBA8A50}.Debug|iPhone.ActiveCfg = Debug|iPhone
		{3FFBFFF8-5560-4EDE-82E5-3FFDFBBA8A50}.Debug|iPhone.Build.0 = Debug|iPhone
		{3FFBFFF8-5560-4EDE-82E5-3FFDFBBA8A50}.Debug|iPhoneSimulator.ActiveCfg = Debug|iPhoneSimulator
		{3FFBFFF8-5560-4EDE-82E5-3FFDFBBA8A50}.Debug|iPhoneSimulator.Build.0 = Debug|iPhoneSimulator
		{3FFBFFF8-5560-4EDE-82E5-3FFDFBBA8A50}.Release|iPhone.ActiveCfg = Release|iPhone
		{3FFBFFF8-5560-4EDE-82E5-3FFDFBBA8A50}.Release|iPhone.Build.0 = Release|iPhone
		{3FFBFFF8-5560-4EDE-82E5-3FFDFBBA8A50}.Release|iPhoneSimulator.ActiveCfg = Release|iPhoneSimulator
		{3FFBFFF8-5560-4EDE-82E5-3FFDFBBA8A50}.Release|iPhoneSimulator.Build.0 = Release|iPhoneSimulator
		{6D7B9B53-CFEF-46BE-A608-14A4A1381CF6}.AdHoc|iPhone.ActiveCfg = Debug|Any CPU
		{6D7B9B53-CFEF-46BE-A608-14A4A1381CF6}.Ad-Hoc|iPhone.ActiveCfg = Release|Any CPU
		{6D7B9B53-CFEF-46BE-A608-14A4A1381CF6}.AdHoc|iPhone.Build.0 = Debug|Any CPU
		{6D7B9B53-CFEF-46BE-A608-14A4A1381CF6}.Ad-Hoc|iPhone.Build.0 = Release|Any CPU
		{6D7B9B53-CFEF-46BE-A608-14A4A1381CF6}.AdHoc|iPhoneSimulator.ActiveCfg = Debug|Any CPU
		{6D7B9B53-CFEF-46BE-A608-14A4A1381CF6}.AdHoc|iPhoneSimulator.Build.0 = Debug|Any CPU
		{6D7B9B53-CFEF-46BE-A608-14A4A1381CF6}.AppStore|iPhone.ActiveCfg = Release|Any CPU
		{6D7B9B53-CFEF-46BE-A608-14A4A1381CF6}.AppStore|iPhone.Build.0 = Release|Any CPU
		{6D7B9B53-CFEF-46BE-A608-14A4A1381CF6}.AppStore|iPhoneSimulator.ActiveCfg = Debug|Any CPU
		{6D7B9B53-CFEF-46BE-A608-14A4A1381CF6}.AppStore|iPhoneSimulator.Build.0 = Debug|Any CPU
		{6D7B9B53-CFEF-46BE-A608-14A4A1381CF6}.Debug|iPhone.ActiveCfg = Debug|Any CPU
		{6D7B9B53-CFEF-46BE-A608-14A4A1381CF6}.Debug|iPhone.Build.0 = Debug|Any CPU
		{6D7B9B53-CFEF-46BE-A608-14A4A1381CF6}.Debug|iPhoneSimulator.ActiveCfg = Debug|Any CPU
		{6D7B9B53-CFEF-46BE-A608-14A4A1381CF6}.Debug|iPhoneSimulator.Build.0 = Debug|Any CPU
		{6D7B9B53-CFEF-46BE-A608-14A4A1381CF6}.Release|iPhone.ActiveCfg = Release|Any CPU
		{6D7B9B53-CFEF-46BE-A608-14A4A1381CF6}.Release|iPhone.Build.0 = Release|Any CPU
		{6D7B9B53-CFEF-46BE-A608-14A4A1381CF6}.Release|iPhoneSimulator.ActiveCfg = Release|Any CPU
		{6D7B9B53-CFEF-46BE-A608-14A4A1381CF6}.Release|iPhoneSimulator.Build.0 = Release|Any CPU
		{A8C50A68-A01E-47F9-9914-8BF236EECBAA}.AdHoc|iPhone.ActiveCfg = Debug|Any CPU
		{A8C50A68-A01E-47F9-9914-8BF236EECBAA}.Ad-Hoc|iPhone.ActiveCfg = Debug|Any CPU
		{A8C50A68-A01E-47F9-9914-8BF236EECBAA}.AdHoc|iPhone.Build.0 = Debug|Any CPU
		{A8C50A68-A01E-47F9-9914-8BF236EECBAA}.Ad-Hoc|iPhone.Build.0 = Debug|Any CPU
		{A8C50A68-A01E-47F9-9914-8BF236EECBAA}.AdHoc|iPhoneSimulator.ActiveCfg = Debug|Any CPU
		{A8C50A68-A01E-47F9-9914-8BF236EECBAA}.AdHoc|iPhoneSimulator.Build.0 = Debug|Any CPU
		{A8C50A68-A01E-47F9-9914-8BF236EECBAA}.AppStore|iPhone.ActiveCfg = Debug|Any CPU
		{A8C50A68-A01E-47F9-9914-8BF236EECBAA}.AppStore|iPhone.Build.0 = Debug|Any CPU
		{A8C50A68-A01E-47F9-9914-8BF236EECBAA}.AppStore|iPhoneSimulator.ActiveCfg = Debug|Any CPU
		{A8C50A68-A01E-47F9-9914-8BF236EECBAA}.AppStore|iPhoneSimulator.Build.0 = Debug|Any CPU
		{A8C50A68-A01E-47F9-9914-8BF236EECBAA}.Debug|iPhone.ActiveCfg = Debug|Any CPU
		{A8C50A68-A01E-47F9-9914-8BF236EECBAA}.Debug|iPhone.Build.0 = Debug|Any CPU
		{A8C50A68-A01E-47F9-9914-8BF236EECBAA}.Debug|iPhoneSimulator.ActiveCfg = Debug|Any CPU
		{A8C50A68-A01E-47F9-9914-8BF236EECBAA}.Debug|iPhoneSimulator.Build.0 = Debug|Any CPU
		{A8C50A68-A01E-47F9-9914-8BF236EECBAA}.Release|iPhone.ActiveCfg = Release|Any CPU
		{A8C50A68-A01E-47F9-9914-8BF236EECBAA}.Release|iPhone.Build.0 = Release|Any CPU
		{A8C50A68-A01E-47F9-9914-8BF236EECBAA}.Release|iPhoneSimulator.ActiveCfg = Release|Any CPU
		{A8C50A68-A01E-47F9-9914-8BF236EECBAA}.Release|iPhoneSimulator.Build.0 = Release|Any CPU
		{BAB4D1D9-A003-4380-9D61-A1D42C8650A0}.AdHoc|iPhone.ActiveCfg = Debug|Any CPU
		{BAB4D1D9-A003-4380-9D61-A1D42C8650A0}.Ad-Hoc|iPhone.ActiveCfg = Debug|Any CPU
		{BAB4D1D9-A003-4380-9D61-A1D42C8650A0}.AdHoc|iPhone.Build.0 = Debug|Any CPU
		{BAB4D1D9-A003-4380-9D61-A1D42C8650A0}.Ad-Hoc|iPhone.Build.0 = Debug|Any CPU
		{BAB4D1D9-A003-4380-9D61-A1D42C8650A0}.AdHoc|iPhoneSimulator.ActiveCfg = Debug|Any CPU
		{BAB4D1D9-A003-4380-9D61-A1D42C8650A0}.AdHoc|iPhoneSimulator.Build.0 = Debug|Any CPU
		{BAB4D1D9-A003-4380-9D61-A1D42C8650A0}.AppStore|iPhone.ActiveCfg = Debug|Any CPU
		{BAB4D1D9-A003-4380-9D61-A1D42C8650A0}.AppStore|iPhone.Build.0 = Debug|Any CPU
		{BAB4D1D9-A003-4380-9D61-A1D42C8650A0}.AppStore|iPhoneSimulator.ActiveCfg = Debug|Any CPU
		{BAB4D1D9-A003-4380-9D61-A1D42C8650A0}.AppStore|iPhoneSimulator.Build.0 = Debug|Any CPU
		{BAB4D1D9-A003-4380-9D61-A1D42C8650A0}.Debug|iPhone.ActiveCfg = Debug|Any CPU
		{BAB4D1D9-A003-4380-9D61-A1D42C8650A0}.Debug|iPhone.Build.0 = Debug|Any CPU
		{BAB4D1D9-A003-4380-9D61-A1D42C8650A0}.Debug|iPhoneSimulator.ActiveCfg = Debug|Any CPU
		{BAB4D1D9-A003-4380-9D61-A1D42C8650A0}.Debug|iPhoneSimulator.Build.0 = Debug|Any CPU
		{BAB4D1D9-A003-4380-9D61-A1D42C8650A0}.Release|iPhone.ActiveCfg = Release|Any CPU
		{BAB4D1D9-A003-4380-9D61-A1D42C8650A0}.Release|iPhone.Build.0 = Release|Any CPU
		{BAB4D1D9-A003-4380-9D61-A1D42C8650A0}.Release|iPhoneSimulator.ActiveCfg = Release|Any CPU
		{BAB4D1D9-A003-4380-9D61-A1D42C8650A0}.Release|iPhoneSimulator.Build.0 = Release|Any CPU
		{E9A9D1C5-4E06-4D31-9809-A97188C70B2C}.AdHoc|iPhone.ActiveCfg = Debug|iPhone
		{E9A9D1C5-4E06-4D31-9809-A97188C70B2C}.Ad-Hoc|iPhone.ActiveCfg = Debug|iPhone
		{E9A9D1C5-4E06-4D31-9809-A97188C70B2C}.AdHoc|iPhone.Build.0 = Debug|iPhone
		{E9A9D1C5-4E06-4D31-9809-A97188C70B2C}.Ad-Hoc|iPhone.Build.0 = Debug|iPhone
		{E9A9D1C5-4E06-4D31-9809-A97188C70B2C}.AdHoc|iPhoneSimulator.ActiveCfg = Debug|iPhoneSimulator
		{E9A9D1C5-4E06-4D31-9809-A97188C70B2C}.AdHoc|iPhoneSimulator.Build.0 = Debug|iPhoneSimulator
		{E9A9D1C5-4E06-4D31-9809-A97188C70B2C}.AppStore|iPhone.ActiveCfg = Debug|iPhone
		{E9A9D1C5-4E06-4D31-9809-A97188C70B2C}.AppStore|iPhone.Build.0 = Debug|iPhone
		{E9A9D1C5-4E06-4D31-9809-A97188C70B2C}.AppStore|iPhoneSimulator.ActiveCfg = Debug|iPhoneSimulator
		{E9A9D1C5-4E06-4D31-9809-A97188C70B2C}.AppStore|iPhoneSimulator.Build.0 = Debug|iPhoneSimulator
		{E9A9D1C5-4E06-4D31-9809-A97188C70B2C}.Debug|iPhone.ActiveCfg = Debug|iPhone
		{E9A9D1C5-4E06-4D31-9809-A97188C70B2C}.Debug|iPhone.Build.0 = Debug|iPhone
		{E9A9D1C5-4E06-4D31-9809-A97188C70B2C}.Debug|iPhoneSimulator.ActiveCfg = Debug|iPhoneSimulator
		{E9A9D1C5-4E06-4D31-9809-A97188C70B2C}.Debug|iPhoneSimulator.Build.0 = Debug|iPhoneSimulator
		{E9A9D1C5-4E06-4D31-9809-A97188C70B2C}.Release|iPhone.ActiveCfg = Release|iPhone
		{E9A9D1C5-4E06-4D31-9809-A97188C70B2C}.Release|iPhone.Build.0 = Release|iPhone
		{E9A9D1C5-4E06-4D31-9809-A97188C70B2C}.Release|iPhoneSimulator.ActiveCfg = Release|iPhoneSimulator
		{E9A9D1C5-4E06-4D31-9809-A97188C70B2C}.Release|iPhoneSimulator.Build.0 = Release|iPhoneSimulator
	EndGlobalSection
	GlobalSection(NestedProjects) = preSolution
		{3FFBFFF8-5560-4EDE-82E5-3FFDFBBA8A50} = {09463939-AEFF-49E1-ACB0-28F5F88007F2}
		{E9A9D1C5-4E06-4D31-9809-A97188C70B2C} = {09463939-AEFF-49E1-ACB0-28F5F88007F2}
		{A8C50A68-A01E-47F9-9914-8BF236EECBAA} = {09463939-AEFF-49E1-ACB0-28F5F88007F2}
		{BAB4D1D9-A003-4380-9D61-A1D42C8650A0} = {09463939-AEFF-49E1-ACB0-28F5F88007F2}
		{6D7B9B53-CFEF-46BE-A608-14A4A1381CF6} = {09463939-AEFF-49E1-ACB0-28F5F88007F2}
		{3A0C5D98-D568-43C1-A877-B1BA00BA4A87} = {09463939-AEFF-49E1-ACB0-28F5F88007F2}
	EndGlobalSection
	GlobalSection(MonoDevelopProperties) = preSolution
		StartupItem = AppreciateUI\AppreciateUI.csproj
		Policies = $0
		$0.DotNetNamingPolicy = $1
		$1.DirectoryNamespaceAssociation = PrefixedHierarchical
		$1.ResourceNamePolicy = FileFormatDefault
		$0.TextStylePolicy = $2
		$2.inheritsSet = VisualStudio
		$2.inheritsScope = text/plain
		$2.scope = text/x-csharp
		$0.CSharpFormattingPolicy = $3
		$3.IndentSwitchBody = True
		$3.AnonymousMethodBraceStyle = NextLine
		$3.PropertyBraceStyle = NextLine
		$3.PropertyGetBraceStyle = NextLine
		$3.PropertySetBraceStyle = NextLine
		$3.EventBraceStyle = NextLine
		$3.EventAddBraceStyle = NextLine
		$3.EventRemoveBraceStyle = NextLine
		$3.StatementBraceStyle = NextLine
		$3.ElseNewLinePlacement = NewLine
		$3.CatchNewLinePlacement = NewLine
		$3.FinallyNewLinePlacement = NewLine
		$3.WhileNewLinePlacement = DoNotCare
		$3.ArrayInitializerWrapping = DoNotChange
		$3.ArrayInitializerBraceStyle = NextLine
		$3.BeforeMethodDeclarationParentheses = False
		$3.BeforeMethodCallParentheses = False
		$3.BeforeConstructorDeclarationParentheses = False
		$3.BeforeDelegateDeclarationParentheses = False
		$3.NewParentheses = False
		$3.SpacesBeforeBrackets = False
		$3.inheritsSet = Mono
		$3.inheritsScope = text/x-csharp
		$3.scope = text/x-csharp
	EndGlobalSection
EndGlobal
